// !$*UTF8*$!
{
	archiveVersion = 1;
	classes = {
	};
	objectVersion = 56;
	objects = {

/* Begin PBXBuildFile section */
		E21AE36629C2D51E00752446 /* MainView.swift in Sources */ = {isa = PBXBuildFile; fileRef = E21AE36529C2D51E00752446 /* MainView.swift */; };
		E261259029BDA4690000BE9C /* iDineApp.swift in Sources */ = {isa = PBXBuildFile; fileRef = E261258F29BDA4690000BE9C /* iDineApp.swift */; };
		E261259229BDA4690000BE9C /* ContentView.swift in Sources */ = {isa = PBXBuildFile; fileRef = E261259129BDA4690000BE9C /* ContentView.swift */; };
		E261259429BDA46A0000BE9C /* Assets.xcassets in Resources */ = {isa = PBXBuildFile; fileRef = E261259329BDA46A0000BE9C /* Assets.xcassets */; };
		E261259729BDA46A0000BE9C /* Preview Assets.xcassets in Resources */ = {isa = PBXBuildFile; fileRef = E261259629BDA46A0000BE9C /* Preview Assets.xcassets */; };
		E26125A129BDA50E0000BE9C /* Order.swift in Sources */ = {isa = PBXBuildFile; fileRef = E261259D29BDA50E0000BE9C /* Order.swift */; };
		E26125A229BDA50E0000BE9C /* Menu.swift in Sources */ = {isa = PBXBuildFile; fileRef = E261259E29BDA50E0000BE9C /* Menu.swift */; };
		E26125A329BDA50E0000BE9C /* menu.json in Resources */ = {isa = PBXBuildFile; fileRef = E261259F29BDA50E0000BE9C /* menu.json */; };
		E26125A429BDA50E0000BE9C /* Helper.swift in Sources */ = {isa = PBXBuildFile; fileRef = E26125A029BDA50E0000BE9C /* Helper.swift */; };
		E26874C929C83CE20092F94A /* CheckoutView.swift in Sources */ = {isa = PBXBuildFile; fileRef = E26874C829C83CE20092F94A /* CheckoutView.swift */; };
		E298E4DD29E707AF003BD38D /* FavoritesView.swift in Sources */ = {isa = PBXBuildFile; fileRef = E298E4DC29E707AF003BD38D /* FavoritesView.swift */; };
		E2A9BDE929BE4955003645F7 /* ItemRowView.swift in Sources */ = {isa = PBXBuildFile; fileRef = E2A9BDE829BE4955003645F7 /* ItemRowView.swift */; };
		E2A9BDEB29BE6513003645F7 /* ItemDetailView.swift in Sources */ = {isa = PBXBuildFile; fileRef = E2A9BDEA29BE6513003645F7 /* ItemDetailView.swift */; };
		E2B625E829E9AFF3005807E6 /* TutorialView.swift in Sources */ = {isa = PBXBuildFile; fileRef = E2B625E729E9AFF3005807E6 /* TutorialView.swift */; };
		E2B625EB29E9B1D9005807E6 /* TutorialSection.swift in Sources */ = {isa = PBXBuildFile; fileRef = E2B625EA29E9B1D9005807E6 /* TutorialSection.swift */; };
		E2B625EE29E9BD26005807E6 /* TutorialFactory.swift in Sources */ = {isa = PBXBuildFile; fileRef = E2B625ED29E9BD26005807E6 /* TutorialFactory.swift */; };
		E2B625F029E9BDBF005807E6 /* TutorialTopic.swift in Sources */ = {isa = PBXBuildFile; fileRef = E2B625EF29E9BDBF005807E6 /* TutorialTopic.swift */; };
		E2B625F229E9BED1005807E6 /* StaticLabelTutorialTopicView.swift in Sources */ = {isa = PBXBuildFile; fileRef = E2B625F129E9BED1005807E6 /* StaticLabelTutorialTopicView.swift */; };
		E2CD22BA29F4D4CC003A4E69 /* AttributedStringTutorialTopicView.swift in Sources */ = {isa = PBXBuildFile; fileRef = E2CD22B929F4D4CC003A4E69 /* AttributedStringTutorialTopicView.swift */; };
		E2D4680A29E7BD0F00BBD14E /* Favorites.swift in Sources */ = {isa = PBXBuildFile; fileRef = E2D4680929E7BD0F00BBD14E /* Favorites.swift */; };
		E2D8583729EBB64100B25E94 /* TextStylingTutorialTopicView.swift in Sources */ = {isa = PBXBuildFile; fileRef = E2D8583629EBB64100B25E94 /* TextStylingTutorialTopicView.swift */; };
		E2E6970A29C197D300E0F83F /* OrderView.swift in Sources */ = {isa = PBXBuildFile; fileRef = E2E6970929C197D300E0F83F /* OrderView.swift */; };
/* End PBXBuildFile section */

/* Begin PBXFileReference section */
		E21AE36529C2D51E00752446 /* MainView.swift */ = {isa = PBXFileReference; lastKnownFileType = sourcecode.swift; path = MainView.swift; sourceTree = "<group>"; };
		E261258C29BDA4690000BE9C /* iDine.app */ = {isa = PBXFileReference; explicitFileType = wrapper.application; includeInIndex = 0; path = iDine.app; sourceTree = BUILT_PRODUCTS_DIR; };
		E261258F29BDA4690000BE9C /* iDineApp.swift */ = {isa = PBXFileReference; lastKnownFileType = sourcecode.swift; path = iDineApp.swift; sourceTree = "<group>"; };
		E261259129BDA4690000BE9C /* ContentView.swift */ = {isa = PBXFileReference; lastKnownFileType = sourcecode.swift; path = ContentView.swift; sourceTree = "<group>"; };
		E261259329BDA46A0000BE9C /* Assets.xcassets */ = {isa = PBXFileReference; lastKnownFileType = folder.assetcatalog; path = Assets.xcassets; sourceTree = "<group>"; };
		E261259629BDA46A0000BE9C /* Preview Assets.xcassets */ = {isa = PBXFileReference; lastKnownFileType = folder.assetcatalog; path = "Preview Assets.xcassets"; sourceTree = "<group>"; };
		E261259D29BDA50E0000BE9C /* Order.swift */ = {isa = PBXFileReference; fileEncoding = 4; lastKnownFileType = sourcecode.swift; path = Order.swift; sourceTree = "<group>"; };
		E261259E29BDA50E0000BE9C /* Menu.swift */ = {isa = PBXFileReference; fileEncoding = 4; lastKnownFileType = sourcecode.swift; path = Menu.swift; sourceTree = "<group>"; };
		E261259F29BDA50E0000BE9C /* menu.json */ = {isa = PBXFileReference; fileEncoding = 4; lastKnownFileType = text.json; path = menu.json; sourceTree = "<group>"; };
		E26125A029BDA50E0000BE9C /* Helper.swift */ = {isa = PBXFileReference; fileEncoding = 4; lastKnownFileType = sourcecode.swift; path = Helper.swift; sourceTree = "<group>"; };
		E26874C829C83CE20092F94A /* CheckoutView.swift */ = {isa = PBXFileReference; lastKnownFileType = sourcecode.swift; path = CheckoutView.swift; sourceTree = "<group>"; };
		E298E4DC29E707AF003BD38D /* FavoritesView.swift */ = {isa = PBXFileReference; lastKnownFileType = sourcecode.swift; path = FavoritesView.swift; sourceTree = "<group>"; };
		E2A9BDE829BE4955003645F7 /* ItemRowView.swift */ = {isa = PBXFileReference; lastKnownFileType = sourcecode.swift; path = ItemRowView.swift; sourceTree = "<group>"; };
		E2A9BDEA29BE6513003645F7 /* ItemDetailView.swift */ = {isa = PBXFileReference; lastKnownFileType = sourcecode.swift; path = ItemDetailView.swift; sourceTree = "<group>"; };
		E2B625E729E9AFF3005807E6 /* TutorialView.swift */ = {isa = PBXFileReference; lastKnownFileType = sourcecode.swift; path = TutorialView.swift; sourceTree = "<group>"; };
		E2B625EA29E9B1D9005807E6 /* TutorialSection.swift */ = {isa = PBXFileReference; lastKnownFileType = sourcecode.swift; path = TutorialSection.swift; sourceTree = "<group>"; };
		E2B625ED29E9BD26005807E6 /* TutorialFactory.swift */ = {isa = PBXFileReference; lastKnownFileType = sourcecode.swift; path = TutorialFactory.swift; sourceTree = "<group>"; };
		E2B625EF29E9BDBF005807E6 /* TutorialTopic.swift */ = {isa = PBXFileReference; lastKnownFileType = sourcecode.swift; path = TutorialTopic.swift; sourceTree = "<group>"; };
		E2B625F129E9BED1005807E6 /* StaticLabelTutorialTopicView.swift */ = {isa = PBXFileReference; lastKnownFileType = sourcecode.swift; path = StaticLabelTutorialTopicView.swift; sourceTree = "<group>"; };
		E2CD22B929F4D4CC003A4E69 /* AttributedStringTutorialTopicView.swift */ = {isa = PBXFileReference; lastKnownFileType = sourcecode.swift; path = AttributedStringTutorialTopicView.swift; sourceTree = "<group>"; };
		E2D4680929E7BD0F00BBD14E /* Favorites.swift */ = {isa = PBXFileReference; lastKnownFileType = sourcecode.swift; path = Favorites.swift; sourceTree = "<group>"; };
		E2D8583629EBB64100B25E94 /* TextStylingTutorialTopicView.swift */ = {isa = PBXFileReference; lastKnownFileType = sourcecode.swift; path = TextStylingTutorialTopicView.swift; sourceTree = "<group>"; };
		E2E6970929C197D300E0F83F /* OrderView.swift */ = {isa = PBXFileReference; lastKnownFileType = sourcecode.swift; path = OrderView.swift; sourceTree = "<group>"; };
/* End PBXFileReference section */

/* Begin PBXFrameworksBuildPhase section */
		E261258929BDA4690000BE9C /* Frameworks */ = {
			isa = PBXFrameworksBuildPhase;
			buildActionMask = 2147483647;
			files = (
			);
			runOnlyForDeploymentPostprocessing = 0;
		};
/* End PBXFrameworksBuildPhase section */

/* Begin PBXGroup section */
		E261258329BDA4690000BE9C = {
			isa = PBXGroup;
			children = (
				E261258E29BDA4690000BE9C /* iDine */,
				E261258D29BDA4690000BE9C /* Products */,
			);
			sourceTree = "<group>";
		};
		E261258D29BDA4690000BE9C /* Products */ = {
			isa = PBXGroup;
			children = (
				E261258C29BDA4690000BE9C /* iDine.app */,
			);
			name = Products;
			sourceTree = "<group>";
		};
		E261258E29BDA4690000BE9C /* iDine */ = {
			isa = PBXGroup;
			children = (
				E2B625E929E9B191005807E6 /* Tutorial */,
				E2A9BDE429BE340C003645F7 /* Entities */,
				E2A9BDE529BE341D003645F7 /* Helpers */,
				E261258F29BDA4690000BE9C /* iDineApp.swift */,
				E261259129BDA4690000BE9C /* ContentView.swift */,
				E2A9BDE829BE4955003645F7 /* ItemRowView.swift */,
				E2A9BDEA29BE6513003645F7 /* ItemDetailView.swift */,
				E2E6970929C197D300E0F83F /* OrderView.swift */,
				E261259F29BDA50E0000BE9C /* menu.json */,
				E261259329BDA46A0000BE9C /* Assets.xcassets */,
				E261259529BDA46A0000BE9C /* Preview Content */,
				E21AE36529C2D51E00752446 /* MainView.swift */,
				E26874C829C83CE20092F94A /* CheckoutView.swift */,
				E298E4DC29E707AF003BD38D /* FavoritesView.swift */,
			);
			path = iDine;
			sourceTree = "<group>";
		};
		E261259529BDA46A0000BE9C /* Preview Content */ = {
			isa = PBXGroup;
			children = (
				E261259629BDA46A0000BE9C /* Preview Assets.xcassets */,
			);
			path = "Preview Content";
			sourceTree = "<group>";
		};
		E2A9BDE429BE340C003645F7 /* Entities */ = {
			isa = PBXGroup;
			children = (
				E261259D29BDA50E0000BE9C /* Order.swift */,
				E261259E29BDA50E0000BE9C /* Menu.swift */,
				E2D4680929E7BD0F00BBD14E /* Favorites.swift */,
			);
			path = Entities;
			sourceTree = "<group>";
		};
		E2A9BDE529BE341D003645F7 /* Helpers */ = {
			isa = PBXGroup;
			children = (
				E26125A029BDA50E0000BE9C /* Helper.swift */,
			);
			path = Helpers;
			sourceTree = "<group>";
		};
		E2B625E929E9B191005807E6 /* Tutorial */ = {
			isa = PBXGroup;
			children = (
				E2B625EC29E9BC02005807E6 /* Topics */,
				E2B625E729E9AFF3005807E6 /* TutorialView.swift */,
				E2B625EA29E9B1D9005807E6 /* TutorialSection.swift */,
				E2B625ED29E9BD26005807E6 /* TutorialFactory.swift */,
			);
			path = Tutorial;
			sourceTree = "<group>";
		};
		E2B625EC29E9BC02005807E6 /* Topics */ = {
			isa = PBXGroup;
			children = (
				E2B625EF29E9BDBF005807E6 /* TutorialTopic.swift */,
				E2B625F129E9BED1005807E6 /* StaticLabelTutorialTopicView.swift */,
				E2D8583629EBB64100B25E94 /* TextStylingTutorialTopicView.swift */,
				E2CD22B929F4D4CC003A4E69 /* AttributedStringTutorialTopicView.swift */,
			);
			path = Topics;
			sourceTree = "<group>";
		};
/* End PBXGroup section */

/* Begin PBXNativeTarget section */
		E261258B29BDA4690000BE9C /* iDine */ = {
			isa = PBXNativeTarget;
			buildConfigurationList = E261259A29BDA46A0000BE9C /* Build configuration list for PBXNativeTarget "iDine" */;
			buildPhases = (
				E261258829BDA4690000BE9C /* Sources */,
				E261258929BDA4690000BE9C /* Frameworks */,
				E261258A29BDA4690000BE9C /* Resources */,
			);
			buildRules = (
			);
			dependencies = (
			);
			name = iDine;
			productName = iDine;
			productReference = E261258C29BDA4690000BE9C /* iDine.app */;
			productType = "com.apple.product-type.application";
		};
/* End PBXNativeTarget section */

/* Begin PBXProject section */
		E261258429BDA4690000BE9C /* Project object */ = {
			isa = PBXProject;
			attributes = {
				BuildIndependentTargetsInParallel = 1;
				LastSwiftUpdateCheck = 1420;
				LastUpgradeCheck = 1420;
				TargetAttributes = {
					E261258B29BDA4690000BE9C = {
						CreatedOnToolsVersion = 14.2;
					};
				};
			};
			buildConfigurationList = E261258729BDA4690000BE9C /* Build configuration list for PBXProject "iDine" */;
			compatibilityVersion = "Xcode 14.0";
			developmentRegion = en;
			hasScannedForEncodings = 0;
			knownRegions = (
				en,
				Base,
			);
			mainGroup = E261258329BDA4690000BE9C;
			productRefGroup = E261258D29BDA4690000BE9C /* Products */;
			projectDirPath = "";
			projectRoot = "";
			targets = (
				E261258B29BDA4690000BE9C /* iDine */,
			);
		};
/* End PBXProject section */

/* Begin PBXResourcesBuildPhase section */
		E261258A29BDA4690000BE9C /* Resources */ = {
			isa = PBXResourcesBuildPhase;
			buildActionMask = 2147483647;
			files = (
				E26125A329BDA50E0000BE9C /* menu.json in Resources */,
				E261259729BDA46A0000BE9C /* Preview Assets.xcassets in Resources */,
				E261259429BDA46A0000BE9C /* Assets.xcassets in Resources */,
			);
			runOnlyForDeploymentPostprocessing = 0;
		};
/* End PBXResourcesBuildPhase section */

/* Begin PBXSourcesBuildPhase section */
		E261258829BDA4690000BE9C /* Sources */ = {
			isa = PBXSourcesBuildPhase;
			buildActionMask = 2147483647;
			files = (
				E298E4DD29E707AF003BD38D /* FavoritesView.swift in Sources */,
				E2B625EE29E9BD26005807E6 /* TutorialFactory.swift in Sources */,
				E26125A129BDA50E0000BE9C /* Order.swift in Sources */,
				E21AE36629C2D51E00752446 /* MainView.swift in Sources */,
				E26874C929C83CE20092F94A /* CheckoutView.swift in Sources */,
				E2B625F229E9BED1005807E6 /* StaticLabelTutorialTopicView.swift in Sources */,
				E2B625F029E9BDBF005807E6 /* TutorialTopic.swift in Sources */,
				E2E6970A29C197D300E0F83F /* OrderView.swift in Sources */,
				E2D8583729EBB64100B25E94 /* TextStylingTutorialTopicView.swift in Sources */,
				E261259229BDA4690000BE9C /* ContentView.swift in Sources */,
				E2A9BDEB29BE6513003645F7 /* ItemDetailView.swift in Sources */,
				E2A9BDE929BE4955003645F7 /* ItemRowView.swift in Sources */,
				E26125A429BDA50E0000BE9C /* Helper.swift in Sources */,
				E2B625EB29E9B1D9005807E6 /* TutorialSection.swift in Sources */,
				E2B625E829E9AFF3005807E6 /* TutorialView.swift in Sources */,
				E2D4680A29E7BD0F00BBD14E /* Favorites.swift in Sources */,
				E26125A229BDA50E0000BE9C /* Menu.swift in Sources */,
				E261259029BDA4690000BE9C /* iDineApp.swift in Sources */,
				E2CD22BA29F4D4CC003A4E69 /* AttributedStringTutorialTopicView.swift in Sources */,
			);
			runOnlyForDeploymentPostprocessing = 0;
		};
/* End PBXSourcesBuildPhase section */

/* Begin XCBuildConfiguration section */
		E261259829BDA46A0000BE9C /* Debug */ = {
			isa = XCBuildConfiguration;
			buildSettings = {
				ALWAYS_SEARCH_USER_PATHS = NO;
				CLANG_ANALYZER_NONNULL = YES;
				CLANG_ANALYZER_NUMBER_OBJECT_CONVERSION = YES_AGGRESSIVE;
				CLANG_CXX_LANGUAGE_STANDARD = "gnu++20";
				CLANG_ENABLE_MODULES = YES;
				CLANG_ENABLE_OBJC_ARC = YES;
				CLANG_ENABLE_OBJC_WEAK = YES;
				CLANG_WARN_BLOCK_CAPTURE_AUTORELEASING = YES;
				CLANG_WARN_BOOL_CONVERSION = YES;
				CLANG_WARN_COMMA = YES;
				CLANG_WARN_CONSTANT_CONVERSION = YES;
				CLANG_WARN_DEPRECATED_OBJC_IMPLEMENTATIONS = YES;
				CLANG_WARN_DIRECT_OBJC_ISA_USAGE = YES_ERROR;
				CLANG_WARN_DOCUMENTATION_COMMENTS = YES;
				CLANG_WARN_EMPTY_BODY = YES;
				CLANG_WARN_ENUM_CONVERSION = YES;
				CLANG_WARN_INFINITE_RECURSION = YES;
				CLANG_WARN_INT_CONVERSION = YES;
				CLANG_WARN_NON_LITERAL_NULL_CONVERSION = YES;
				CLANG_WARN_OBJC_IMPLICIT_RETAIN_SELF = YES;
				CLANG_WARN_OBJC_LITERAL_CONVERSION = YES;
				CLANG_WARN_OBJC_ROOT_CLASS = YES_ERROR;
				CLANG_WARN_QUOTED_INCLUDE_IN_FRAMEWORK_HEADER = YES;
				CLANG_WARN_RANGE_LOOP_ANALYSIS = YES;
				CLANG_WARN_STRICT_PROTOTYPES = YES;
				CLANG_WARN_SUSPICIOUS_MOVE = YES;
				CLANG_WARN_UNGUARDED_AVAILABILITY = YES_AGGRESSIVE;
				CLANG_WARN_UNREACHABLE_CODE = YES;
				CLANG_WARN__DUPLICATE_METHOD_MATCH = YES;
				COPY_PHASE_STRIP = NO;
				DEBUG_INFORMATION_FORMAT = dwarf;
				ENABLE_STRICT_OBJC_MSGSEND = YES;
				ENABLE_TESTABILITY = YES;
				GCC_C_LANGUAGE_STANDARD = gnu11;
				GCC_DYNAMIC_NO_PIC = NO;
				GCC_NO_COMMON_BLOCKS = YES;
				GCC_OPTIMIZATION_LEVEL = 0;
				GCC_PREPROCESSOR_DEFINITIONS = (
					"DEBUG=1",
					"$(inherited)",
				);
				GCC_WARN_64_TO_32_BIT_CONVERSION = YES;
				GCC_WARN_ABOUT_RETURN_TYPE = YES_ERROR;
				GCC_WARN_UNDECLARED_SELECTOR = YES;
				GCC_WARN_UNINITIALIZED_AUTOS = YES_AGGRESSIVE;
				GCC_WARN_UNUSED_FUNCTION = YES;
				GCC_WARN_UNUSED_VARIABLE = YES;
				IPHONEOS_DEPLOYMENT_TARGET = 16.2;
				MTL_ENABLE_DEBUG_INFO = INCLUDE_SOURCE;
				MTL_FAST_MATH = YES;
				ONLY_ACTIVE_ARCH = YES;
				SDKROOT = iphoneos;
				SWIFT_ACTIVE_COMPILATION_CONDITIONS = DEBUG;
				SWIFT_OPTIMIZATION_LEVEL = "-Onone";
			};
			name = Debug;
		};
		E261259929BDA46A0000BE9C /* Release */ = {
			isa = XCBuildConfiguration;
			buildSettings = {
				ALWAYS_SEARCH_USER_PATHS = NO;
				CLANG_ANALYZER_NONNULL = YES;
				CLANG_ANALYZER_NUMBER_OBJECT_CONVERSION = YES_AGGRESSIVE;
				CLANG_CXX_LANGUAGE_STANDARD = "gnu++20";
				CLANG_ENABLE_MODULES = YES;
				CLANG_ENABLE_OBJC_ARC = YES;
				CLANG_ENABLE_OBJC_WEAK = YES;
				CLANG_WARN_BLOCK_CAPTURE_AUTORELEASING = YES;
				CLANG_WARN_BOOL_CONVERSION = YES;
				CLANG_WARN_COMMA = YES;
				CLANG_WARN_CONSTANT_CONVERSION = YES;
				CLANG_WARN_DEPRECATED_OBJC_IMPLEMENTATIONS = YES;
				CLANG_WARN_DIRECT_OBJC_ISA_USAGE = YES_ERROR;
				CLANG_WARN_DOCUMENTATION_COMMENTS = YES;
				CLANG_WARN_EMPTY_BODY = YES;
				CLANG_WARN_ENUM_CONVERSION = YES;
				CLANG_WARN_INFINITE_RECURSION = YES;
				CLANG_WARN_INT_CONVERSION = YES;
				CLANG_WARN_NON_LITERAL_NULL_CONVERSION = YES;
				CLANG_WARN_OBJC_IMPLICIT_RETAIN_SELF = YES;
				CLANG_WARN_OBJC_LITERAL_CONVERSION = YES;
				CLANG_WARN_OBJC_ROOT_CLASS = YES_ERROR;
				CLANG_WARN_QUOTED_INCLUDE_IN_FRAMEWORK_HEADER = YES;
				CLANG_WARN_RANGE_LOOP_ANALYSIS = YES;
				CLANG_WARN_STRICT_PROTOTYPES = YES;
				CLANG_WARN_SUSPICIOUS_MOVE = YES;
				CLANG_WARN_UNGUARDED_AVAILABILITY = YES_AGGRESSIVE;
				CLANG_WARN_UNREACHABLE_CODE = YES;
				CLANG_WARN__DUPLICATE_METHOD_MATCH = YES;
				COPY_PHASE_STRIP = NO;
				DEBUG_INFORMATION_FORMAT = "dwarf-with-dsym";
				ENABLE_NS_ASSERTIONS = NO;
				ENABLE_STRICT_OBJC_MSGSEND = YES;
				GCC_C_LANGUAGE_STANDARD = gnu11;
				GCC_NO_COMMON_BLOCKS = YES;
				GCC_WARN_64_TO_32_BIT_CONVERSION = YES;
				GCC_WARN_ABOUT_RETURN_TYPE = YES_ERROR;
				GCC_WARN_UNDECLARED_SELECTOR = YES;
				GCC_WARN_UNINITIALIZED_AUTOS = YES_AGGRESSIVE;
				GCC_WARN_UNUSED_FUNCTION = YES;
				GCC_WARN_UNUSED_VARIABLE = YES;
				IPHONEOS_DEPLOYMENT_TARGET = 16.2;
				MTL_ENABLE_DEBUG_INFO = NO;
				MTL_FAST_MATH = YES;
				SDKROOT = iphoneos;
				SWIFT_COMPILATION_MODE = wholemodule;
				SWIFT_OPTIMIZATION_LEVEL = "-O";
				VALIDATE_PRODUCT = YES;
			};
			name = Release;
		};
		E261259B29BDA46A0000BE9C /* Debug */ = {
			isa = XCBuildConfiguration;
			buildSettings = {
				ASSETCATALOG_COMPILER_APPICON_NAME = AppIcon;
				ASSETCATALOG_COMPILER_GLOBAL_ACCENT_COLOR_NAME = AccentColor;
				CODE_SIGN_STYLE = Automatic;
				CURRENT_PROJECT_VERSION = 1;
				DEVELOPMENT_ASSET_PATHS = "\"iDine/Preview Content\"";
				DEVELOPMENT_TEAM = E95KU8J3PN;
				ENABLE_PREVIEWS = YES;
				GENERATE_INFOPLIST_FILE = YES;
				INFOPLIST_KEY_UIApplicationSceneManifest_Generation = YES;
				INFOPLIST_KEY_UIApplicationSupportsIndirectInputEvents = YES;
				INFOPLIST_KEY_UILaunchScreen_Generation = YES;
				INFOPLIST_KEY_UISupportedInterfaceOrientations_iPad = "UIInterfaceOrientationPortrait UIInterfaceOrientationPortraitUpsideDown UIInterfaceOrientationLandscapeLeft UIInterfaceOrientationLandscapeRight";
				INFOPLIST_KEY_UISupportedInterfaceOrientations_iPhone = "UIInterfaceOrientationPortrait UIInterfaceOrientationLandscapeLeft UIInterfaceOrientationLandscapeRight";
				LD_RUNPATH_SEARCH_PATHS = (
					"$(inherited)",
					"@executable_path/Frameworks",
				);
				MARKETING_VERSION = 1.0;
				PRODUCT_BUNDLE_IDENTIFIER = com.Alonso.iDine;
				PRODUCT_NAME = "$(TARGET_NAME)";
				SWIFT_EMIT_LOC_STRINGS = YES;
				SWIFT_VERSION = 5.0;
				TARGETED_DEVICE_FAMILY = "1,2";
			};
			name = Debug;
		};
		E261259C29BDA46A0000BE9C /* Release */ = {
			isa = XCBuildConfiguration;
			buildSettings = {
				ASSETCATALOG_COMPILER_APPICON_NAME = AppIcon;
				ASSETCATALOG_COMPILER_GLOBAL_ACCENT_COLOR_NAME = AccentColor;
				CODE_SIGN_STYLE = Automatic;
				CURRENT_PROJECT_VERSION = 1;
				DEVELOPMENT_ASSET_PATHS = "\"iDine/Preview Content\"";
				DEVELOPMENT_TEAM = E95KU8J3PN;
				ENABLE_PREVIEWS = YES;
				GENERATE_INFOPLIST_FILE = YES;
				INFOPLIST_KEY_UIApplicationSceneManifest_Generation = YES;
				INFOPLIST_KEY_UIApplicationSupportsIndirectInputEvents = YES;
				INFOPLIST_KEY_UILaunchScreen_Generation = YES;
				INFOPLIST_KEY_UISupportedInterfaceOrientations_iPad = "UIInterfaceOrientationPortrait UIInterfaceOrientationPortraitUpsideDown UIInterfaceOrientationLandscapeLeft UIInterfaceOrientationLandscapeRight";
				INFOPLIST_KEY_UISupportedInterfaceOrientations_iPhone = "UIInterfaceOrientationPortrait UIInterfaceOrientationLandscapeLeft UIInterfaceOrientationLandscapeRight";
				LD_RUNPATH_SEARCH_PATHS = (
					"$(inherited)",
					"@executable_path/Frameworks",
				);
				MARKETING_VERSION = 1.0;
				PRODUCT_BUNDLE_IDENTIFIER = com.Alonso.iDine;
				PRODUCT_NAME = "$(TARGET_NAME)";
				SWIFT_EMIT_LOC_STRINGS = YES;
				SWIFT_VERSION = 5.0;
				TARGETED_DEVICE_FAMILY = "1,2";
			};
			name = Release;
		};
/* End XCBuildConfiguration section */

/* Begin XCConfigurationList section */
		E261258729BDA4690000BE9C /* Build configuration list for PBXProject "iDine" */ = {
			isa = XCConfigurationList;
			buildConfigurations = (
				E261259829BDA46A0000BE9C /* Debug */,
				E261259929BDA46A0000BE9C /* Release */,
			);
			defaultConfigurationIsVisible = 0;
			defaultConfigurationName = Release;
		};
		E261259A29BDA46A0000BE9C /* Build configuration list for PBXNativeTarget "iDine" */ = {
			isa = XCConfigurationList;
			buildConfigurations = (
				E261259B29BDA46A0000BE9C /* Debug */,
				E261259C29BDA46A0000BE9C /* Release */,
			);
			defaultConfigurationIsVisible = 0;
			defaultConfigurationName = Release;
		};
/* End XCConfigurationList section */
	};
	rootObject = E261258429BDA4690000BE9C /* Project object */;
}
